
Microsoft Visual Studio Solution File, Format Version 12.00
# Visual Studio Version 16
VisualStudioVersion = 16.0.29123.88
MinimumVisualStudioVersion = 10.0.40219.1
Project("{FAE04EC0-301F-11D3-BF4B-00C04F79EFBC}") = "JogoPica", "JogoPica.csproj", "{855CD90E-4374-4707-B431-51093E96186B}"
EndProject
Global
	GlobalSection(SolutionConfigurationPlatforms) = preSolution
		Debug|Any CPU = Debug|Any CPU
		Release|Any CPU = Release|Any CPU
	EndGlobalSection
	GlobalSection(ProjectConfigurationPlatforms) = postSolution
		{855CD90E-4374-4707-B431-51093E96186B}.Debug|Any CPU.ActiveCfg = Debug|Any CPU
		{855CD90E-4374-4707-B431-51093E96186B}.Debug|Any CPU.Build.0 = Debug|Any CPU
		{855CD90E-4374-4707-B431-51093E96186B}.Release|Any CPU.ActiveCfg = Release|Any CPU
		{855CD90E-4374-4707-B431-51093E96186B}.Release|Any CPU.Build.0 = Release|Any CPU
	EndGlobalSection
	GlobalSection(SolutionProperties) = preSolution
		HideSolutionNode = FALSE
	EndGlobalSection
	GlobalSection(ExtensibilityGlobals) = postSolution
		SolutionGuid = {519CA00A-BB24-4D0A-93C6-970F20BE619E}
	EndGlobalSection
EndGlobal
